
Microsoft Visual Studio Solution File, Format Version 12.00
# Visual Studio Version 17
VisualStudioVersion = 17.1.32414.318
MinimumVisualStudioVersion = 10.0.40219.1
Project("{9A19103F-16F7-4668-BE54-9A1E7A4F7556}") = "AdoteWebApplication", "AdoteWebApplication.csproj", "{16381F91-53FF-4DB2-8759-89605C0D2915}"
EndProject
Project("{9A19103F-16F7-4668-BE54-9A1E7A4F7556}") = "Adote.Library", "..\Adote.Library\Adote.Library.csproj", "{A09E6858-A142-4190-A48A-306FD11F4289}"
EndProject
Project("{2150E333-8FDC-42A3-9474-1A3956D46DE8}") = "Solution Items", "Solution Items", "{82B7814C-E071-4776-AB51-55E36C34E93A}"
	ProjectSection(SolutionItems) = preProject
		.editorconfig = .editorconfig
	EndProjectSection
EndProject
Global
	GlobalSection(SolutionConfigurationPlatforms) = preSolution
		Debug|Any CPU = Debug|Any CPU
		Release|Any CPU = Release|Any CPU
	EndGlobalSection
	GlobalSection(ProjectConfigurationPlatforms) = postSolution
		{16381F91-53FF-4DB2-8759-89605C0D2915}.Debug|Any CPU.ActiveCfg = Debug|Any CPU
		{16381F91-53FF-4DB2-8759-89605C0D2915}.Debug|Any CPU.Build.0 = Debug|Any CPU
		{16381F91-53FF-4DB2-8759-89605C0D2915}.Release|Any CPU.ActiveCfg = Release|Any CPU
		{16381F91-53FF-4DB2-8759-89605C0D2915}.Release|Any CPU.Build.0 = Release|Any CPU
		{A09E6858-A142-4190-A48A-306FD11F4289}.Debug|Any CPU.ActiveCfg = Debug|Any CPU
		{A09E6858-A142-4190-A48A-306FD11F4289}.Debug|Any CPU.Build.0 = Debug|Any CPU
		{A09E6858-A142-4190-A48A-306FD11F4289}.Release|Any CPU.ActiveCfg = Release|Any CPU
		{A09E6858-A142-4190-A48A-306FD11F4289}.Release|Any CPU.Build.0 = Release|Any CPU
	EndGlobalSection
	GlobalSection(SolutionProperties) = preSolution
		HideSolutionNode = FALSE
	EndGlobalSection
	GlobalSection(ExtensibilityGlobals) = postSolution
		SolutionGuid = {D906C826-49F4-4587-80D9-777291C614AC}
	EndGlobalSection
EndGlobal
